// !$*UTF8*$!
{
	archiveVersion = 1;
	classes = {
	};
	objectVersion = 48;
	objects = {

/* Begin PBXBuildFile section */
		720380E22008D11F009E4E32 /* AppDelegate.m in Sources */ = {isa = PBXBuildFile; fileRef = 720380E12008D11F009E4E32 /* AppDelegate.m */; };
		720380E52008D11F009E4E32 /* ViewController.m in Sources */ = {isa = PBXBuildFile; fileRef = 720380E42008D11F009E4E32 /* ViewController.m */; };
		720380E82008D11F009E4E32 /* Main.storyboard in Resources */ = {isa = PBXBuildFile; fileRef = 720380E62008D11F009E4E32 /* Main.storyboard */; };
		720380EA2008D11F009E4E32 /* Assets.xcassets in Resources */ = {isa = PBXBuildFile; fileRef = 720380E92008D11F009E4E32 /* Assets.xcassets */; };
		720380ED2008D11F009E4E32 /* LaunchScreen.storyboard in Resources */ = {isa = PBXBuildFile; fileRef = 720380EB2008D11F009E4E32 /* LaunchScreen.storyboard */; };
		720380F02008D11F009E4E32 /* main.m in Sources */ = {isa = PBXBuildFile; fileRef = 720380EF2008D11F009E4E32 /* main.m */; };
		7203813F2008FCD2009E4E32 /* GameViewController.m in Sources */ = {isa = PBXBuildFile; fileRef = 7203813E2008FCD2009E4E32 /* GameViewController.m */; };
		720381DC20122A5D009E4E32 /* AboutViewController.m in Sources */ = {isa = PBXBuildFile; fileRef = 720381DB20122A5D009E4E32 /* AboutViewController.m */; };
		726F9BC42012751B00C64A1B /* SettingsViewController.m in Sources */ = {isa = PBXBuildFile; fileRef = 726F9BC32012751B00C64A1B /* SettingsViewController.m */; };
/* End PBXBuildFile section */

/* Begin PBXFileReference section */
		720380DD2008D11F009E4E32 /* Labb1.app */ = {isa = PBXFileReference; explicitFileType = wrapper.application; includeInIndex = 0; path = Labb1.app; sourceTree = BUILT_PRODUCTS_DIR; };
		720380E02008D11F009E4E32 /* AppDelegate.h */ = {isa = PBXFileReference; lastKnownFileType = sourcecode.c.h; path = AppDelegate.h; sourceTree = "<group>"; };
		720380E12008D11F009E4E32 /* AppDelegate.m */ = {isa = PBXFileReference; lastKnownFileType = sourcecode.c.objc; path = AppDelegate.m; sourceTree = "<group>"; };
		720380E32008D11F009E4E32 /* ViewController.h */ = {isa = PBXFileReference; lastKnownFileType = sourcecode.c.h; path = ViewController.h; sourceTree = "<group>"; };
		720380E42008D11F009E4E32 /* ViewController.m */ = {isa = PBXFileReference; lastKnownFileType = sourcecode.c.objc; path = ViewController.m; sourceTree = "<group>"; };
		720380E72008D11F009E4E32 /* Base */ = {isa = PBXFileReference; lastKnownFileType = file.storyboard; name = Base; path = Base.lproj/Main.storyboard; sourceTree = "<group>"; };
		720380E92008D11F009E4E32 /* Assets.xcassets */ = {isa = PBXFileReference; lastKnownFileType = folder.assetcatalog; path = Assets.xcassets; sourceTree = "<group>"; };
		720380EC2008D11F009E4E32 /* Base */ = {isa = PBXFileReference; lastKnownFileType = file.storyboard; name = Base; path = Base.lproj/LaunchScreen.storyboard; sourceTree = "<group>"; };
		720380EE2008D11F009E4E32 /* Info.plist */ = {isa = PBXFileReference; lastKnownFileType = text.plist.xml; path = Info.plist; sourceTree = "<group>"; };
		720380EF2008D11F009E4E32 /* main.m */ = {isa = PBXFileReference; lastKnownFileType = sourcecode.c.objc; path = main.m; sourceTree = "<group>"; };
		7203813D2008FCD2009E4E32 /* GameViewController.h */ = {isa = PBXFileReference; lastKnownFileType = sourcecode.c.h; path = GameViewController.h; sourceTree = "<group>"; };
		7203813E2008FCD2009E4E32 /* GameViewController.m */ = {isa = PBXFileReference; lastKnownFileType = sourcecode.c.objc; path = GameViewController.m; sourceTree = "<group>"; };
		720381DA20122A5D009E4E32 /* AboutViewController.h */ = {isa = PBXFileReference; lastKnownFileType = sourcecode.c.h; path = AboutViewController.h; sourceTree = "<group>"; };
		720381DB20122A5D009E4E32 /* AboutViewController.m */ = {isa = PBXFileReference; lastKnownFileType = sourcecode.c.objc; path = AboutViewController.m; sourceTree = "<group>"; };
		726F9BC22012751B00C64A1B /* SettingsViewController.h */ = {isa = PBXFileReference; lastKnownFileType = sourcecode.c.h; path = SettingsViewController.h; sourceTree = "<group>"; };
		726F9BC32012751B00C64A1B /* SettingsViewController.m */ = {isa = PBXFileReference; lastKnownFileType = sourcecode.c.objc; path = SettingsViewController.m; sourceTree = "<group>"; };
/* End PBXFileReference section */

/* Begin PBXFrameworksBuildPhase section */
		720380DA2008D11F009E4E32 /* Frameworks */ = {
			isa = PBXFrameworksBuildPhase;
			buildActionMask = 2147483647;
			files = (
			);
			runOnlyForDeploymentPostprocessing = 0;
		};
/* End PBXFrameworksBuildPhase section */

/* Begin PBXGroup section */
		720380D42008D11F009E4E32 = {
			isa = PBXGroup;
			children = (
				720380DF2008D11F009E4E32 /* Labb1 */,
				720380DE2008D11F009E4E32 /* Products */,
			);
			sourceTree = "<group>";
		};
		720380DE2008D11F009E4E32 /* Products */ = {
			isa = PBXGroup;
			children = (
				720380DD2008D11F009E4E32 /* Labb1.app */,
			);
			name = Products;
			sourceTree = "<group>";
		};
		720380DF2008D11F009E4E32 /* Labb1 */ = {
			isa = PBXGroup;
			children = (
				726F9BC22012751B00C64A1B /* SettingsViewController.h */,
				726F9BC32012751B00C64A1B /* SettingsViewController.m */,
				720380E02008D11F009E4E32 /* AppDelegate.h */,
				720380E12008D11F009E4E32 /* AppDelegate.m */,
				720380E32008D11F009E4E32 /* ViewController.h */,
				720380E42008D11F009E4E32 /* ViewController.m */,
				720380E62008D11F009E4E32 /* Main.storyboard */,
				720381DA20122A5D009E4E32 /* AboutViewController.h */,
				720381DB20122A5D009E4E32 /* AboutViewController.m */,
				7203813D2008FCD2009E4E32 /* GameViewController.h */,
				7203813E2008FCD2009E4E32 /* GameViewController.m */,
				720380E92008D11F009E4E32 /* Assets.xcassets */,
				720380EB2008D11F009E4E32 /* LaunchScreen.storyboard */,
				720380EE2008D11F009E4E32 /* Info.plist */,
				720380EF2008D11F009E4E32 /* main.m */,
			);
			path = Labb1;
			sourceTree = "<group>";
		};
/* End PBXGroup section */

/* Begin PBXNativeTarget section */
		720380DC2008D11F009E4E32 /* Labb1 */ = {
			isa = PBXNativeTarget;
			buildConfigurationList = 720380F32008D11F009E4E32 /* Build configuration list for PBXNativeTarget "Labb1" */;
			buildPhases = (
				720380D92008D11F009E4E32 /* Sources */,
				720380DA2008D11F009E4E32 /* Frameworks */,
				720380DB2008D11F009E4E32 /* Resources */,
			);
			buildRules = (
			);
			dependencies = (
			);
			name = Labb1;
			productName = Labb1;
			productReference = 720380DD2008D11F009E4E32 /* Labb1.app */;
			productType = "com.apple.product-type.application";
		};
/* End PBXNativeTarget section */

/* Begin PBXProject section */
		720380D52008D11F009E4E32 /* Project object */ = {
			isa = PBXProject;
			attributes = {
				LastUpgradeCheck = 0920;
				ORGANIZATIONNAME = "Petteri Tuononen";
				TargetAttributes = {
					720380DC2008D11F009E4E32 = {
						CreatedOnToolsVersion = 9.2;
						ProvisioningStyle = Automatic;
					};
				};
			};
			buildConfigurationList = 720380D82008D11F009E4E32 /* Build configuration list for PBXProject "Labb1" */;
			compatibilityVersion = "Xcode 8.0";
			developmentRegion = en;
			hasScannedForEncodings = 0;
			knownRegions = (
				en,
				Base,
			);
			mainGroup = 720380D42008D11F009E4E32;
			productRefGroup = 720380DE2008D11F009E4E32 /* Products */;
			projectDirPath = "";
			projectRoot = "";
			targets = (
				720380DC2008D11F009E4E32 /* Labb1 */,
			);
		};
/* End PBXProject section */

/* Begin PBXResourcesBuildPhase section */
		720380DB2008D11F009E4E32 /* Resources */ = {
			isa = PBXResourcesBuildPhase;
			buildActionMask = 2147483647;
			files = (
				720380ED2008D11F009E4E32 /* LaunchScreen.storyboard in Resources */,
				720380EA2008D11F009E4E32 /* Assets.xcassets in Resources */,
				720380E82008D11F009E4E32 /* Main.storyboard in Resources */,
			);
			runOnlyForDeploymentPostprocessing = 0;
		};
/* End PBXResourcesBuildPhase section */

/* Begin PBXSourcesBuildPhase section */
		720380D92008D11F009E4E32 /* Sources */ = {
			isa = PBXSourcesBuildPhase;
			buildActionMask = 2147483647;
			files = (
				720381DC20122A5D009E4E32 /* AboutViewController.m in Sources */,
				7203813F2008FCD2009E4E32 /* GameViewController.m in Sources */,
				720380E52008D11F009E4E32 /* ViewController.m in Sources */,
				726F9BC42012751B00C64A1B /* SettingsViewController.m in Sources */,
				720380F02008D11F009E4E32 /* main.m in Sources */,
				720380E22008D11F009E4E32 /* AppDelegate.m in Sources */,
			);
			runOnlyForDeploymentPostprocessing = 0;
		};
/* End PBXSourcesBuildPhase section */

/* Begin PBXVariantGroup section */
		720380E62008D11F009E4E32 /* Main.storyboard */ = {
			isa = PBXVariantGroup;
			children = (
				720380E72008D11F009E4E32 /* Base */,
			);
			name = Main.storyboard;
			sourceTree = "<group>";
		};
		720380EB2008D11F009E4E32 /* LaunchScreen.storyboard */ = {
			isa = PBXVariantGroup;
			children = (
				720380EC2008D11F009E4E32 /* Base */,
			);
			name = LaunchScreen.storyboard;
			sourceTree = "<group>";
		};
/* End PBXVariantGroup section */

/* Begin XCBuildConfiguration section */
		720380F12008D11F009E4E32 /* Debug */ = {
			isa = XCBuildConfiguration;
			buildSettings = {
				ALWAYS_SEARCH_USER_PATHS = NO;
				CLANG_ANALYZER_NONNULL = YES;
				CLANG_ANALYZER_NUMBER_OBJECT_CONVERSION = YES_AGGRESSIVE;
				CLANG_CXX_LANGUAGE_STANDARD = "gnu++14";
				CLANG_CXX_LIBRARY = "libc++";
				CLANG_ENABLE_MODULES = YES;
				CLANG_ENABLE_OBJC_ARC = YES;
				CLANG_WARN_BLOCK_CAPTURE_AUTORELEASING = YES;
				CLANG_WARN_BOOL_CONVERSION = YES;
				CLANG_WARN_COMMA = YES;
				CLANG_WARN_CONSTANT_CONVERSION = YES;
				CLANG_WARN_DIRECT_OBJC_ISA_USAGE = YES_ERROR;
				CLANG_WARN_DOCUMENTATION_COMMENTS = YES;
				CLANG_WARN_EMPTY_BODY = YES;
				CLANG_WARN_ENUM_CONVERSION = YES;
				CLANG_WARN_INFINITE_RECURSION = YES;
				CLANG_WARN_INT_CONVERSION = YES;
				CLANG_WARN_NON_LITERAL_NULL_CONVERSION = YES;
				CLANG_WARN_OBJC_LITERAL_CONVERSION = YES;
				CLANG_WARN_OBJC_ROOT_CLASS = YES_ERROR;
				CLANG_WARN_RANGE_LOOP_ANALYSIS = YES;
				CLANG_WARN_STRICT_PROTOTYPES = YES;
				CLANG_WARN_SUSPICIOUS_MOVE = YES;
				CLANG_WARN_UNGUARDED_AVAILABILITY = YES_AGGRESSIVE;
				CLANG_WARN_UNREACHABLE_CODE = YES;
				CLANG_WARN__DUPLICATE_METHOD_MATCH = YES;
				CODE_SIGN_IDENTITY = "iPhone Developer";
				COPY_PHASE_STRIP = NO;
				DEBUG_INFORMATION_FORMAT = dwarf;
				ENABLE_STRICT_OBJC_MSGSEND = YES;
				ENABLE_TESTABILITY = YES;
				GCC_C_LANGUAGE_STANDARD = gnu11;
				GCC_DYNAMIC_NO_PIC = NO;
				GCC_NO_COMMON_BLOCKS = YES;
				GCC_OPTIMIZATION_LEVEL = 0;
				GCC_PREPROCESSOR_DEFINITIONS = (
					"DEBUG=1",
					"$(inherited)",
				);
				GCC_WARN_64_TO_32_BIT_CONVERSION = YES;
				GCC_WARN_ABOUT_RETURN_TYPE = YES_ERROR;
				GCC_WARN_UNDECLARED_SELECTOR = YES;
				GCC_WARN_UNINITIALIZED_AUTOS = YES_AGGRESSIVE;
				GCC_WARN_UNUSED_FUNCTION = YES;
				GCC_WARN_UNUSED_VARIABLE = YES;
				IPHONEOS_DEPLOYMENT_TARGET = 11.2;
				MTL_ENABLE_DEBUG_INFO = YES;
				ONLY_ACTIVE_ARCH = YES;
				SDKROOT = iphoneos;
			};
			name = Debug;
		};
		720380F22008D11F009E4E32 /* Release */ = {
			isa = XCBuildConfiguration;
			buildSettings = {
				ALWAYS_SEARCH_USER_PATHS = NO;
				CLANG_ANALYZER_NONNULL = YES;
				CLANG_ANALYZER_NUMBER_OBJECT_CONVERSION = YES_AGGRESSIVE;
				CLANG_CXX_LANGUAGE_STANDARD = "gnu++14";
				CLANG_CXX_LIBRARY = "libc++";
				CLANG_ENABLE_MODULES = YES;
				CLANG_ENABLE_OBJC_ARC = YES;
				CLANG_WARN_BLOCK_CAPTURE_AUTORELEASING = YES;
				CLANG_WARN_BOOL_CONVERSION = YES;
				CLANG_WARN_COMMA = YES;
				CLANG_WARN_CONSTANT_CONVERSION = YES;
				CLANG_WARN_DIRECT_OBJC_ISA_USAGE = YES_ERROR;
				CLANG_WARN_DOCUMENTATION_COMMENTS = YES;
				CLANG_WARN_EMPTY_BODY = YES;
				CLANG_WARN_ENUM_CONVERSION = YES;
				CLANG_WARN_INFINITE_RECURSION = YES;
				CLANG_WARN_INT_CONVERSION = YES;
				CLANG_WARN_NON_LITERAL_NULL_CONVERSION = YES;
				CLANG_WARN_OBJC_LITERAL_CONVERSION = YES;
				CLANG_WARN_OBJC_ROOT_CLASS = YES_ERROR;
				CLANG_WARN_RANGE_LOOP_ANALYSIS = YES;
				CLANG_WARN_STRICT_PROTOTYPES = YES;
				CLANG_WARN_SUSPICIOUS_MOVE = YES;
				CLANG_WARN_UNGUARDED_AVAILABILITY = YES_AGGRESSIVE;
				CLANG_WARN_UNREACHABLE_CODE = YES;
				CLANG_WARN__DUPLICATE_METHOD_MATCH = YES;
				CODE_SIGN_IDENTITY = "iPhone Developer";
				COPY_PHASE_STRIP = NO;
				DEBUG_INFORMATION_FORMAT = "dwarf-with-dsym";
				ENABLE_NS_ASSERTIONS = NO;
				ENABLE_STRICT_OBJC_MSGSEND = YES;
				GCC_C_LANGUAGE_STANDARD = gnu11;
				GCC_NO_COMMON_BLOCKS = YES;
				GCC_WARN_64_TO_32_BIT_CONVERSION = YES;
				GCC_WARN_ABOUT_RETURN_TYPE = YES_ERROR;
				GCC_WARN_UNDECLARED_SELECTOR = YES;
				GCC_WARN_UNINITIALIZED_AUTOS = YES_AGGRESSIVE;
				GCC_WARN_UNUSED_FUNCTION = YES;
				GCC_WARN_UNUSED_VARIABLE = YES;
				IPHONEOS_DEPLOYMENT_TARGET = 11.2;
				MTL_ENABLE_DEBUG_INFO = NO;
				SDKROOT = iphoneos;
				VALIDATE_PRODUCT = YES;
			};
			name = Release;
		};
		720380F42008D11F009E4E32 /* Debug */ = {
			isa = XCBuildConfiguration;
			buildSettings = {
				ASSETCATALOG_COMPILER_APPICON_NAME = AppIcon;
				CODE_SIGN_STYLE = Automatic;
				INFOPLIST_FILE = Labb1/Info.plist;
				LD_RUNPATH_SEARCH_PATHS = "$(inherited) @executable_path/Frameworks";
				PRODUCT_BUNDLE_IDENTIFIER = PT.Labb1;
				PRODUCT_NAME = "$(TARGET_NAME)";
				TARGETED_DEVICE_FAMILY = "1,2";
			};
			name = Debug;
		};
		720380F52008D11F009E4E32 /* Release */ = {
			isa = XCBuildConfiguration;
			buildSettings = {
				ASSETCATALOG_COMPILER_APPICON_NAME = AppIcon;
				CODE_SIGN_STYLE = Automatic;
				INFOPLIST_FILE = Labb1/Info.plist;
				LD_RUNPATH_SEARCH_PATHS = "$(inherited) @executable_path/Frameworks";
				PRODUCT_BUNDLE_IDENTIFIER = PT.Labb1;
				PRODUCT_NAME = "$(TARGET_NAME)";
				TARGETED_DEVICE_FAMILY = "1,2";
			};
			name = Release;
		};
/* End XCBuildConfiguration section */

/* Begin XCConfigurationList section */
		720380D82008D11F009E4E32 /* Build configuration list for PBXProject "Labb1" */ = {
			isa = XCConfigurationList;
			buildConfigurations = (
				720380F12008D11F009E4E32 /* Debug */,
				720380F22008D11F009E4E32 /* Release */,
			);
			defaultConfigurationIsVisible = 0;
			defaultConfigurationName = Release;
		};
		720380F32008D11F009E4E32 /* Build configuration list for PBXNativeTarget "Labb1" */ = {
			isa = XCConfigurationList;
			buildConfigurations = (
				720380F42008D11F009E4E32 /* Debug */,
				720380F52008D11F009E4E32 /* Release */,
			);
			defaultConfigurationIsVisible = 0;
			defaultConfigurationName = Release;
		};
/* End XCConfigurationList section */
	};
	rootObject = 720380D52008D11F009E4E32 /* Project object */;
}
